
Microsoft Visual Studio Solution File, Format Version 12.00
# Visual Studio Version 17
VisualStudioVersion = 17.3.32929.385
MinimumVisualStudioVersion = 10.0.40219.1
Project("{FAE04EC0-301F-11D3-BF4B-00C04F79EFBC}") = "Valor do combustivel por KM", "Valor do combustivel por KM\Valor do combustivel por KM.csproj", "{CBE0DFD3-A119-4B1F-A25F-280D76CBEFF4}"
EndProject
Global
	GlobalSection(SolutionConfigurationPlatforms) = preSolution
		Debug|Any CPU = Debug|Any CPU
		Release|Any CPU = Release|Any CPU
	EndGlobalSection
	GlobalSection(ProjectConfigurationPlatforms) = postSolution
		{CBE0DFD3-A119-4B1F-A25F-280D76CBEFF4}.Debug|Any CPU.ActiveCfg = Debug|Any CPU
		{CBE0DFD3-A119-4B1F-A25F-280D76CBEFF4}.Debug|Any CPU.Build.0 = Debug|Any CPU
		{CBE0DFD3-A119-4B1F-A25F-280D76CBEFF4}.Release|Any CPU.ActiveCfg = Release|Any CPU
		{CBE0DFD3-A119-4B1F-A25F-280D76CBEFF4}.Release|Any CPU.Build.0 = Release|Any CPU
	EndGlobalSection
	GlobalSection(SolutionProperties) = preSolution
		HideSolutionNode = FALSE
	EndGlobalSection
	GlobalSection(ExtensibilityGlobals) = postSolution
		SolutionGuid = {6353CAD6-7D27-40CA-9D98-71879BCDD818}
	EndGlobalSection
EndGlobal
